
Microsoft Visual Studio Solution File, Format Version 12.00
# Visual Studio Version 17
VisualStudioVersion = 17.8.34525.116
MinimumVisualStudioVersion = 10.0.40219.1
Project("{FAE04EC0-301F-11D3-BF4B-00C04F79EFBC}") = "EjemploExcepcion", "EjemploExcepcion\EjemploExcepcion.csproj", "{D648C0B7-C27E-4242-AD52-CBF7C3C95BAF}"
EndProject
Global
	GlobalSection(SolutionConfigurationPlatforms) = preSolution
		Debug|Any CPU = Debug|Any CPU
		Release|Any CPU = Release|Any CPU
	EndGlobalSection
	GlobalSection(ProjectConfigurationPlatforms) = postSolution
		{D648C0B7-C27E-4242-AD52-CBF7C3C95BAF}.Debug|Any CPU.ActiveCfg = Debug|Any CPU
		{D648C0B7-C27E-4242-AD52-CBF7C3C95BAF}.Debug|Any CPU.Build.0 = Debug|Any CPU
		{D648C0B7-C27E-4242-AD52-CBF7C3C95BAF}.Release|Any CPU.ActiveCfg = Release|Any CPU
		{D648C0B7-C27E-4242-AD52-CBF7C3C95BAF}.Release|Any CPU.Build.0 = Release|Any CPU
	EndGlobalSection
	GlobalSection(SolutionProperties) = preSolution
		HideSolutionNode = FALSE
	EndGlobalSection
	GlobalSection(ExtensibilityGlobals) = postSolution
		SolutionGuid = {58E5DC02-FA90-4CE2-9FCD-1823B02DFDDA}
	EndGlobalSection
EndGlobal
